
Microsoft Visual Studio Solution File, Format Version 12.00
# Visual Studio Version 16
VisualStudioVersion = 16.0.29102.190
MinimumVisualStudioVersion = 10.0.40219.1
Project("{FAE04EC0-301F-11D3-BF4B-00C04F79EFBC}") = "ConsoleAppDeploy", "ConsoleAppDeploy\ConsoleAppDeploy.csproj", "{B4BAC98A-C10A-47A7-8745-18BED0219011}"
EndProject
Global
	GlobalSection(SolutionConfigurationPlatforms) = preSolution
		Debug|Any CPU = Debug|Any CPU
		Release|Any CPU = Release|Any CPU
	EndGlobalSection
	GlobalSection(ProjectConfigurationPlatforms) = postSolution
		{B4BAC98A-C10A-47A7-8745-18BED0219011}.Debug|Any CPU.ActiveCfg = Debug|Any CPU
		{B4BAC98A-C10A-47A7-8745-18BED0219011}.Debug|Any CPU.Build.0 = Debug|Any CPU
		{B4BAC98A-C10A-47A7-8745-18BED0219011}.Release|Any CPU.ActiveCfg = Release|Any CPU
		{B4BAC98A-C10A-47A7-8745-18BED0219011}.Release|Any CPU.Build.0 = Release|Any CPU
	EndGlobalSection
	GlobalSection(SolutionProperties) = preSolution
		HideSolutionNode = FALSE
	EndGlobalSection
	GlobalSection(ExtensibilityGlobals) = postSolution
		SolutionGuid = {108A4F71-F17C-43F5-A703-311AFE9438BC}
	EndGlobalSection
EndGlobal
